<Solution>
  <Configurations>
    <Platform Name="x64" />
    <Platform Name="x86" />
  </Configurations>
  <Folder Name="/Solution Items/" />
  <Project Path="August27/August27.vcxproj" Id="2b1b688d-9e35-4da7-8caa-034a67aee2bc" />
  <Project Path="September01/Sept01.vcxproj" />
  <Project Path="September03/September03.vcxproj" />
  <Project Path="September10/September10.vcxproj" Id="804ca31d-ff7e-42b5-a30d-cd87900688ee" />
  <Project Path="September11/September11.vcxproj" Id="18de2c28-cbb8-44ef-bf6c-27e730a90d9d" />
  <Project Path="September15/September15.vcxproj" Id="92907174-296e-4efe-9710-43fe6b157247" />
</Solution>
